
Microsoft Visual Studio Solution File, Format Version 12.00
# Visual Studio 15
Project("{FAE04EC0-301F-11D3-BF4B-00C04F79EFBC}") = "Assembly-CSharp", "Assembly-CSharp.csproj", "{CEEDFAF7-01CE-3CFD-447D-44298C67344B}"
EndProject
Global
	GlobalSection(SolutionConfigurationPlatforms) = preSolution
		Debug|Any CPU = Debug|Any CPU
		Release|Any CPU = Release|Any CPU
	EndGlobalSection
	GlobalSection(ProjectConfigurationPlatforms) = postSolution
		{CEEDFAF7-01CE-3CFD-447D-44298C67344B}.Debug|Any CPU.ActiveCfg = Debug|Any CPU
		{CEEDFAF7-01CE-3CFD-447D-44298C67344B}.Debug|Any CPU.Build.0 = Debug|Any CPU
		{CEEDFAF7-01CE-3CFD-447D-44298C67344B}.Release|Any CPU.ActiveCfg = Release|Any CPU
		{CEEDFAF7-01CE-3CFD-447D-44298C67344B}.Release|Any CPU.Build.0 = Release|Any CPU
	EndGlobalSection
	GlobalSection(SolutionProperties) = preSolution
		HideSolutionNode = FALSE
	EndGlobalSection
EndGlobal
